// !$*UTF8*$!
{
	archiveVersion = 1;
	classes = {
	};
	objectVersion = 46;
	objects = {

/* Begin PBXBuildFile section */
		8AC3C26D1943302000554F94 /* AppDelegate.swift in Sources */ = {isa = PBXBuildFile; fileRef = 8AC3C26C1943302000554F94 /* AppDelegate.swift */; };
		8AC3C26F1943302000554F94 /* ViewController.swift in Sources */ = {isa = PBXBuildFile; fileRef = 8AC3C26E1943302000554F94 /* ViewController.swift */; };
		8AC3C2721943302000554F94 /* Main.storyboard in Resources */ = {isa = PBXBuildFile; fileRef = 8AC3C2701943302000554F94 /* Main.storyboard */; };
		8AC3C2741943302000554F94 /* Images.xcassets in Resources */ = {isa = PBXBuildFile; fileRef = 8AC3C2731943302000554F94 /* Images.xcassets */; };
		8AC3C2801943302000554F94 /* TravelRefundTests.swift in Sources */ = {isa = PBXBuildFile; fileRef = 8AC3C27F1943302000554F94 /* TravelRefundTests.swift */; };
/* End PBXBuildFile section */

/* Begin PBXContainerItemProxy section */
		8AC3C27A1943302000554F94 /* PBXContainerItemProxy */ = {
			isa = PBXContainerItemProxy;
			containerPortal = 8AC3C25F1943302000554F94 /* Project object */;
			proxyType = 1;
			remoteGlobalIDString = 8AC3C2661943302000554F94;
			remoteInfo = TravelRefund;
		};
/* End PBXContainerItemProxy section */

/* Begin PBXFileReference section */
		8AC3C2671943302000554F94 /* TravelRefund.app */ = {isa = PBXFileReference; explicitFileType = wrapper.application; includeInIndex = 0; path = TravelRefund.app; sourceTree = BUILT_PRODUCTS_DIR; };
		8AC3C26B1943302000554F94 /* Info.plist */ = {isa = PBXFileReference; lastKnownFileType = text.plist.xml; path = Info.plist; sourceTree = "<group>"; };
		8AC3C26C1943302000554F94 /* AppDelegate.swift */ = {isa = PBXFileReference; lastKnownFileType = sourcecode.swift; path = AppDelegate.swift; sourceTree = "<group>"; };
		8AC3C26E1943302000554F94 /* ViewController.swift */ = {isa = PBXFileReference; lastKnownFileType = sourcecode.swift; path = ViewController.swift; sourceTree = "<group>"; };
		8AC3C2711943302000554F94 /* Base */ = {isa = PBXFileReference; lastKnownFileType = file.storyboard; name = Base; path = Base.lproj/Main.storyboard; sourceTree = "<group>"; };
		8AC3C2731943302000554F94 /* Images.xcassets */ = {isa = PBXFileReference; lastKnownFileType = folder.assetcatalog; path = Images.xcassets; sourceTree = "<group>"; };
		8AC3C2791943302000554F94 /* TravelRefundTests.xctest */ = {isa = PBXFileReference; explicitFileType = wrapper.cfbundle; includeInIndex = 0; path = TravelRefundTests.xctest; sourceTree = BUILT_PRODUCTS_DIR; };
		8AC3C27E1943302000554F94 /* Info.plist */ = {isa = PBXFileReference; lastKnownFileType = text.plist.xml; path = Info.plist; sourceTree = "<group>"; };
		8AC3C27F1943302000554F94 /* TravelRefundTests.swift */ = {isa = PBXFileReference; lastKnownFileType = sourcecode.swift; path = TravelRefundTests.swift; sourceTree = "<group>"; };
/* End PBXFileReference section */

/* Begin PBXFrameworksBuildPhase section */
		8AC3C2641943302000554F94 /* Frameworks */ = {
			isa = PBXFrameworksBuildPhase;
			buildActionMask = 2147483647;
			files = (
			);
			runOnlyForDeploymentPostprocessing = 0;
		};
		8AC3C2761943302000554F94 /* Frameworks */ = {
			isa = PBXFrameworksBuildPhase;
			buildActionMask = 2147483647;
			files = (
			);
			runOnlyForDeploymentPostprocessing = 0;
		};
/* End PBXFrameworksBuildPhase section */

/* Begin PBXGroup section */
		8AC3C25E1943302000554F94 = {
			isa = PBXGroup;
			children = (
				8AC3C2691943302000554F94 /* TravelRefund */,
				8AC3C27C1943302000554F94 /* TravelRefundTests */,
				8AC3C2681943302000554F94 /* Products */,
			);
			sourceTree = "<group>";
		};
		8AC3C2681943302000554F94 /* Products */ = {
			isa = PBXGroup;
			children = (
				8AC3C2671943302000554F94 /* TravelRefund.app */,
				8AC3C2791943302000554F94 /* TravelRefundTests.xctest */,
			);
			name = Products;
			sourceTree = "<group>";
		};
		8AC3C2691943302000554F94 /* TravelRefund */ = {
			isa = PBXGroup;
			children = (
				8AC3C26C1943302000554F94 /* AppDelegate.swift */,
				8AC3C26E1943302000554F94 /* ViewController.swift */,
				8AC3C2701943302000554F94 /* Main.storyboard */,
				8AC3C2731943302000554F94 /* Images.xcassets */,
				8AC3C26A1943302000554F94 /* Supporting Files */,
			);
			path = TravelRefund;
			sourceTree = "<group>";
		};
		8AC3C26A1943302000554F94 /* Supporting Files */ = {
			isa = PBXGroup;
			children = (
				8AC3C26B1943302000554F94 /* Info.plist */,
			);
			name = "Supporting Files";
			sourceTree = "<group>";
		};
		8AC3C27C1943302000554F94 /* TravelRefundTests */ = {
			isa = PBXGroup;
			children = (
				8AC3C27F1943302000554F94 /* TravelRefundTests.swift */,
				8AC3C27D1943302000554F94 /* Supporting Files */,
			);
			path = TravelRefundTests;
			sourceTree = "<group>";
		};
		8AC3C27D1943302000554F94 /* Supporting Files */ = {
			isa = PBXGroup;
			children = (
				8AC3C27E1943302000554F94 /* Info.plist */,
			);
			name = "Supporting Files";
			sourceTree = "<group>";
		};
/* End PBXGroup section */

/* Begin PBXNativeTarget section */
		8AC3C2661943302000554F94 /* TravelRefund */ = {
			isa = PBXNativeTarget;
			buildConfigurationList = 8AC3C2831943302000554F94 /* Build configuration list for PBXNativeTarget "TravelRefund" */;
			buildPhases = (
				8AC3C2631943302000554F94 /* Sources */,
				8AC3C2641943302000554F94 /* Frameworks */,
				8AC3C2651943302000554F94 /* Resources */,
			);
			buildRules = (
			);
			dependencies = (
			);
			name = TravelRefund;
			productName = TravelRefund;
			productReference = 8AC3C2671943302000554F94 /* TravelRefund.app */;
			productType = "com.apple.product-type.application";
		};
		8AC3C2781943302000554F94 /* TravelRefundTests */ = {
			isa = PBXNativeTarget;
			buildConfigurationList = 8AC3C2861943302000554F94 /* Build configuration list for PBXNativeTarget "TravelRefundTests" */;
			buildPhases = (
				8AC3C2751943302000554F94 /* Sources */,
				8AC3C2761943302000554F94 /* Frameworks */,
				8AC3C2771943302000554F94 /* Resources */,
			);
			buildRules = (
			);
			dependencies = (
				8AC3C27B1943302000554F94 /* PBXTargetDependency */,
			);
			name = TravelRefundTests;
			productName = TravelRefundTests;
			productReference = 8AC3C2791943302000554F94 /* TravelRefundTests.xctest */;
			productType = "com.apple.product-type.bundle.unit-test";
		};
/* End PBXNativeTarget section */

/* Begin PBXProject section */
		8AC3C25F1943302000554F94 /* Project object */ = {
			isa = PBXProject;
			attributes = {
				LastUpgradeCheck = 0600;
				ORGANIZATIONNAME = "Geekettes Hackathon";
				TargetAttributes = {
					8AC3C2661943302000554F94 = {
						CreatedOnToolsVersion = 6.0;
					};
					8AC3C2781943302000554F94 = {
						CreatedOnToolsVersion = 6.0;
						TestTargetID = 8AC3C2661943302000554F94;
					};
				};
			};
			buildConfigurationList = 8AC3C2621943302000554F94 /* Build configuration list for PBXProject "TravelRefund" */;
			compatibilityVersion = "Xcode 3.2";
			developmentRegion = English;
			hasScannedForEncodings = 0;
			knownRegions = (
				en,
				Base,
			);
			mainGroup = 8AC3C25E1943302000554F94;
			productRefGroup = 8AC3C2681943302000554F94 /* Products */;
			projectDirPath = "";
			projectRoot = "";
			targets = (
				8AC3C2661943302000554F94 /* TravelRefund */,
				8AC3C2781943302000554F94 /* TravelRefundTests */,
			);
		};
/* End PBXProject section */

/* Begin PBXResourcesBuildPhase section */
		8AC3C2651943302000554F94 /* Resources */ = {
			isa = PBXResourcesBuildPhase;
			buildActionMask = 2147483647;
			files = (
				8AC3C2721943302000554F94 /* Main.storyboard in Resources */,
				8AC3C2741943302000554F94 /* Images.xcassets in Resources */,
			);
			runOnlyForDeploymentPostprocessing = 0;
		};
		8AC3C2771943302000554F94 /* Resources */ = {
			isa = PBXResourcesBuildPhase;
			buildActionMask = 2147483647;
			files = (
			);
			runOnlyForDeploymentPostprocessing = 0;
		};
/* End PBXResourcesBuildPhase section */

/* Begin PBXSourcesBuildPhase section */
		8AC3C2631943302000554F94 /* Sources */ = {
			isa = PBXSourcesBuildPhase;
			buildActionMask = 2147483647;
			files = (
				8AC3C26F1943302000554F94 /* ViewController.swift in Sources */,
				8AC3C26D1943302000554F94 /* AppDelegate.swift in Sources */,
			);
			runOnlyForDeploymentPostprocessing = 0;
		};
		8AC3C2751943302000554F94 /* Sources */ = {
			isa = PBXSourcesBuildPhase;
			buildActionMask = 2147483647;
			files = (
				8AC3C2801943302000554F94 /* TravelRefundTests.swift in Sources */,
			);
			runOnlyForDeploymentPostprocessing = 0;
		};
/* End PBXSourcesBuildPhase section */

/* Begin PBXTargetDependency section */
		8AC3C27B1943302000554F94 /* PBXTargetDependency */ = {
			isa = PBXTargetDependency;
			target = 8AC3C2661943302000554F94 /* TravelRefund */;
			targetProxy = 8AC3C27A1943302000554F94 /* PBXContainerItemProxy */;
		};
/* End PBXTargetDependency section */

/* Begin PBXVariantGroup section */
		8AC3C2701943302000554F94 /* Main.storyboard */ = {
			isa = PBXVariantGroup;
			children = (
				8AC3C2711943302000554F94 /* Base */,
			);
			name = Main.storyboard;
			sourceTree = "<group>";
		};
/* End PBXVariantGroup section */

/* Begin XCBuildConfiguration section */
		8AC3C2811943302000554F94 /* Debug */ = {
			isa = XCBuildConfiguration;
			buildSettings = {
				ALWAYS_SEARCH_USER_PATHS = NO;
				CLANG_CXX_LANGUAGE_STANDARD = "gnu++0x";
				CLANG_CXX_LIBRARY = "libc++";
				CLANG_ENABLE_MODULES = YES;
				CLANG_ENABLE_OBJC_ARC = YES;
				CLANG_WARN_BOOL_CONVERSION = YES;
				CLANG_WARN_CONSTANT_CONVERSION = YES;
				CLANG_WARN_DIRECT_OBJC_ISA_USAGE = YES_ERROR;
				CLANG_WARN_EMPTY_BODY = YES;
				CLANG_WARN_ENUM_CONVERSION = YES;
				CLANG_WARN_INT_CONVERSION = YES;
				CLANG_WARN_OBJC_ROOT_CLASS = YES_ERROR;
				CLANG_WARN_UNREACHABLE_CODE = YES;
				CLANG_WARN__DUPLICATE_METHOD_MATCH = YES;
				"CODE_SIGN_IDENTITY[sdk=iphoneos*]" = "iPhone Developer";
				COPY_PHASE_STRIP = NO;
				ENABLE_STRICT_OBJC_MSGSEND = YES;
				GCC_C_LANGUAGE_STANDARD = gnu99;
				GCC_DYNAMIC_NO_PIC = NO;
				GCC_OPTIMIZATION_LEVEL = 0;
				GCC_PREPROCESSOR_DEFINITIONS = (
					"DEBUG=1",
					"$(inherited)",
				);
				GCC_SYMBOLS_PRIVATE_EXTERN = NO;
				GCC_WARN_64_TO_32_BIT_CONVERSION = YES;
				GCC_WARN_ABOUT_RETURN_TYPE = YES_ERROR;
				GCC_WARN_UNDECLARED_SELECTOR = YES;
				GCC_WARN_UNINITIALIZED_AUTOS = YES_AGGRESSIVE;
				GCC_WARN_UNUSED_FUNCTION = YES;
				GCC_WARN_UNUSED_VARIABLE = YES;
				IPHONEOS_DEPLOYMENT_TARGET = 8.0;
				METAL_ENABLE_DEBUG_INFO = YES;
				ONLY_ACTIVE_ARCH = YES;
				SDKROOT = iphoneos;
				SWIFT_OPTIMIZATION_LEVEL = "-Onone";
			};
			name = Debug;
		};
		8AC3C2821943302000554F94 /* Release */ = {
			isa = XCBuildConfiguration;
			buildSettings = {
				ALWAYS_SEARCH_USER_PATHS = NO;
				CLANG_CXX_LANGUAGE_STANDARD = "gnu++0x";
				CLANG_CXX_LIBRARY = "libc++";
				CLANG_ENABLE_MODULES = YES;
				CLANG_ENABLE_OBJC_ARC = YES;
				CLANG_WARN_BOOL_CONVERSION = YES;
				CLANG_WARN_CONSTANT_CONVERSION = YES;
				CLANG_WARN_DIRECT_OBJC_ISA_USAGE = YES_ERROR;
				CLANG_WARN_EMPTY_BODY = YES;
				CLANG_WARN_ENUM_CONVERSION = YES;
				CLANG_WARN_INT_CONVERSION = YES;
				CLANG_WARN_OBJC_ROOT_CLASS = YES_ERROR;
				CLANG_WARN_UNREACHABLE_CODE = YES;
				CLANG_WARN__DUPLICATE_METHOD_MATCH = YES;
				"CODE_SIGN_IDENTITY[sdk=iphoneos*]" = "iPhone Developer";
				COPY_PHASE_STRIP = YES;
				ENABLE_NS_ASSERTIONS = NO;
				ENABLE_STRICT_OBJC_MSGSEND = YES;
				GCC_C_LANGUAGE_STANDARD = gnu99;
				GCC_WARN_64_TO_32_BIT_CONVERSION = YES;
				GCC_WARN_ABOUT_RETURN_TYPE = YES_ERROR;
				GCC_WARN_UNDECLARED_SELECTOR = YES;
				GCC_WARN_UNINITIALIZED_AUTOS = YES_AGGRESSIVE;
				GCC_WARN_UNUSED_FUNCTION = YES;
				GCC_WARN_UNUSED_VARIABLE = YES;
				IPHONEOS_DEPLOYMENT_TARGET = 8.0;
				METAL_ENABLE_DEBUG_INFO = NO;
				SDKROOT = iphoneos;
				VALIDATE_PRODUCT = YES;
			};
			name = Release;
		};
		8AC3C2841943302000554F94 /* Debug */ = {
			isa = XCBuildConfiguration;
			buildSettings = {
				ASSETCATALOG_COMPILER_APPICON_NAME = AppIcon;
				ASSETCATALOG_COMPILER_LAUNCHIMAGE_NAME = LaunchImage;
				INFOPLIST_FILE = TravelRefund/Info.plist;
				LD_RUNPATH_SEARCH_PATHS = "$(inherited) @executable_path/Frameworks";
				PRODUCT_NAME = "$(TARGET_NAME)";
			};
			name = Debug;
		};
		8AC3C2851943302000554F94 /* Release */ = {
			isa = XCBuildConfiguration;
			buildSettings = {
				ASSETCATALOG_COMPILER_APPICON_NAME = AppIcon;
				ASSETCATALOG_COMPILER_LAUNCHIMAGE_NAME = LaunchImage;
				INFOPLIST_FILE = TravelRefund/Info.plist;
				LD_RUNPATH_SEARCH_PATHS = "$(inherited) @executable_path/Frameworks";
				PRODUCT_NAME = "$(TARGET_NAME)";
			};
			name = Release;
		};
		8AC3C2871943302000554F94 /* Debug */ = {
			isa = XCBuildConfiguration;
			buildSettings = {
				BUNDLE_LOADER = "$(BUILT_PRODUCTS_DIR)/TravelRefund.app/TravelRefund";
				FRAMEWORK_SEARCH_PATHS = (
					"$(SDKROOT)/Developer/Library/Frameworks",
					"$(inherited)",
				);
				GCC_PREPROCESSOR_DEFINITIONS = (
					"DEBUG=1",
					"$(inherited)",
				);
				INFOPLIST_FILE = TravelRefundTests/Info.plist;
				LD_RUNPATH_SEARCH_PATHS = "$(inherited) @executable_path/Frameworks @loader_path/Frameworks";
				METAL_ENABLE_DEBUG_INFO = YES;
				PRODUCT_NAME = "$(TARGET_NAME)";
				TEST_HOST = "$(BUNDLE_LOADER)";
			};
			name = Debug;
		};
		8AC3C2881943302000554F94 /* Release */ = {
			isa = XCBuildConfiguration;
			buildSettings = {
				BUNDLE_LOADER = "$(BUILT_PRODUCTS_DIR)/TravelRefund.app/TravelRefund";
				FRAMEWORK_SEARCH_PATHS = (
					"$(SDKROOT)/Developer/Library/Frameworks",
					"$(inherited)",
				);
				INFOPLIST_FILE = TravelRefundTests/Info.plist;
				LD_RUNPATH_SEARCH_PATHS = "$(inherited) @executable_path/Frameworks @loader_path/Frameworks";
				METAL_ENABLE_DEBUG_INFO = NO;
				PRODUCT_NAME = "$(TARGET_NAME)";
				TEST_HOST = "$(BUNDLE_LOADER)";
			};
			name = Release;
		};
/* End XCBuildConfiguration section */

/* Begin XCConfigurationList section */
		8AC3C2621943302000554F94 /* Build configuration list for PBXProject "TravelRefund" */ = {
			isa = XCConfigurationList;
			buildConfigurations = (
				8AC3C2811943302000554F94 /* Debug */,
				8AC3C2821943302000554F94 /* Release */,
			);
			defaultConfigurationIsVisible = 0;
			defaultConfigurationName = Release;
		};
		8AC3C2831943302000554F94 /* Build configuration list for PBXNativeTarget "TravelRefund" */ = {
			isa = XCConfigurationList;
			buildConfigurations = (
				8AC3C2841943302000554F94 /* Debug */,
				8AC3C2851943302000554F94 /* Release */,
			);
			defaultConfigurationIsVisible = 0;
		};
		8AC3C2861943302000554F94 /* Build configuration list for PBXNativeTarget "TravelRefundTests" */ = {
			isa = XCConfigurationList;
			buildConfigurations = (
				8AC3C2871943302000554F94 /* Debug */,
				8AC3C2881943302000554F94 /* Release */,
			);
			defaultConfigurationIsVisible = 0;
		};
/* End XCConfigurationList section */
	};
	rootObject = 8AC3C25F1943302000554F94 /* Project object */;
}
